# This file was autogenerated by Stack.
# You should not edit this file by hand.
# For more information, please see the documentation at:
#   https://docs.haskellstack.org/en/stable/lock_files

packages:
- completed:
    name: hsnix-core
    pantry-tree:
      sha256: 47602d11e878f84f23c0978f8e6f3327e7fec0cd81be75b57a038f3d6d93b091
      size: 756
    sha256: 883cea4a3365aeb0a15e5e35eaaf1853096ac4f26487f1bc9d32a107264e8959
    size: 18955
    subdir: hsnix-core
    url: https://github.com/Forist2034/nix-core/archive/cb381ef799beb4064db4912fe1119578c6a0577c.tar.gz
    version: 0.1.0.0
  original:
    subdir: hsnix-core
    url: https://github.com/Forist2034/nix-core/archive/cb381ef799beb4064db4912fe1119578c6a0577c.tar.gz
- completed:
    name: nix-archive
    pantry-tree:
      sha256: 6c87fd2198296314c513cbd9bd5a73dcc2c42febecffa8419141b911db3cab12
      size: 564
    sha256: 883cea4a3365aeb0a15e5e35eaaf1853096ac4f26487f1bc9d32a107264e8959
    size: 18955
    subdir: nix-archive
    url: https://github.com/Forist2034/nix-core/archive/cb381ef799beb4064db4912fe1119578c6a0577c.tar.gz
    version: 0.1.0.0
  original:
    subdir: nix-archive
    url: https://github.com/Forist2034/nix-core/archive/cb381ef799beb4064db4912fe1119578c6a0577c.tar.gz
snapshots:
- completed:
    sha256: 6d1532d40621957a25bad5195bfca7938e8a06d923c91bc52aa0f3c41181f2d4
    size: 619204
    url: https://github.com/commercialhaskell/stackage-snapshots/raw/master/lts/19/33.yaml
  original:
    url: https://github.com/commercialhaskell/stackage-snapshots/raw/master/lts/19/33.yaml
